
Microsoft Visual Studio Solution File, Format Version 12.00
# Visual Studio 15
VisualStudioVersion = 15.0.27703.2047
MinimumVisualStudioVersion = 10.0.40219.1
Project("{FAE04EC0-301F-11D3-BF4B-00C04F79EFBC}") = "Doitsu.Fandom.API", "Doitsu.Fandom.API\Doitsu.Fandom.API.csproj", "{9B17A73D-6C76-4F27-B5A6-2CA54BC0BB69}"
EndProject
Project("{FAE04EC0-301F-11D3-BF4B-00C04F79EFBC}") = "Doitsu.Fandom.DbManager", "Doitsu.Fandom.DbManager\Doitsu.Fandom.DbManager.csproj", "{66EF4C6E-21AE-4053-803B-F6BBC415C4E0}"
EndProject
Project("{FAE04EC0-301F-11D3-BF4B-00C04F79EFBC}") = "Doitsu.Fandom.AdminR2", "Doitsu.Fandom.AdminR2\Doitsu.Fandom.AdminR2.csproj", "{114B7666-A4E3-4F18-A092-10D051531862}"
EndProject
Project("{FAE04EC0-301F-11D3-BF4B-00C04F79EFBC}") = "Doitsu.Fandom.Client", "Doitsu.Fandom.Client\Doitsu.Fandom.Client.csproj", "{3A5FBE85-DBA4-4485-BF5D-760BBB70B725}"
EndProject
Project("{FAE04EC0-301F-11D3-BF4B-00C04F79EFBC}") = "Doitsu.Fandom.Client_Homepage", "Doitsu.Fandom.Client_Homepage\Doitsu.Fandom.Client_Homepage.csproj", "{C064503A-C5ED-4B6D-BD26-B0017BDBE882}"
EndProject
Project("{E53339B2-1760-4266-BCC7-CA923CBCF16C}") = "docker-compose", "docker-compose.dcproj", "{7924255F-BECA-41A7-B23D-B335ABCF8C6F}"
EndProject
Project("{9344BDBB-3E7F-41FC-A0DD-8665D75EE146}") = "Doitsu.Utils", "..\Doitsu_Service\Doitsu.Utils\Doitsu.Utils.csproj", "{6D5DB783-4711-48B4-8FD0-88E848C8002D}"
EndProject
Project("{9344BDBB-3E7F-41FC-A0DD-8665D75EE146}") = "Doitsu.Service.Core", "..\Doitsu_Service\Doitsu.Service.Core\Doitsu.Service.Core.csproj", "{23F77E5C-E6D3-4D65-B1FD-DD8998BBB0DC}"
EndProject
Global
	GlobalSection(SolutionConfigurationPlatforms) = preSolution
		Debug|Any CPU = Debug|Any CPU
		Release|Any CPU = Release|Any CPU
	EndGlobalSection
	GlobalSection(ProjectConfigurationPlatforms) = postSolution
		{9B17A73D-6C76-4F27-B5A6-2CA54BC0BB69}.Debug|Any CPU.ActiveCfg = Debug|Any CPU
		{9B17A73D-6C76-4F27-B5A6-2CA54BC0BB69}.Debug|Any CPU.Build.0 = Debug|Any CPU
		{9B17A73D-6C76-4F27-B5A6-2CA54BC0BB69}.Release|Any CPU.ActiveCfg = Release|Any CPU
		{9B17A73D-6C76-4F27-B5A6-2CA54BC0BB69}.Release|Any CPU.Build.0 = Release|Any CPU
		{66EF4C6E-21AE-4053-803B-F6BBC415C4E0}.Debug|Any CPU.ActiveCfg = Debug|Any CPU
		{66EF4C6E-21AE-4053-803B-F6BBC415C4E0}.Debug|Any CPU.Build.0 = Debug|Any CPU
		{66EF4C6E-21AE-4053-803B-F6BBC415C4E0}.Release|Any CPU.ActiveCfg = Release|Any CPU
		{66EF4C6E-21AE-4053-803B-F6BBC415C4E0}.Release|Any CPU.Build.0 = Release|Any CPU
		{114B7666-A4E3-4F18-A092-10D051531862}.Debug|Any CPU.ActiveCfg = Debug|Any CPU
		{114B7666-A4E3-4F18-A092-10D051531862}.Debug|Any CPU.Build.0 = Debug|Any CPU
		{114B7666-A4E3-4F18-A092-10D051531862}.Release|Any CPU.ActiveCfg = Release|Any CPU
		{114B7666-A4E3-4F18-A092-10D051531862}.Release|Any CPU.Build.0 = Release|Any CPU
		{3A5FBE85-DBA4-4485-BF5D-760BBB70B725}.Debug|Any CPU.ActiveCfg = Debug|Any CPU
		{3A5FBE85-DBA4-4485-BF5D-760BBB70B725}.Debug|Any CPU.Build.0 = Debug|Any CPU
		{3A5FBE85-DBA4-4485-BF5D-760BBB70B725}.Release|Any CPU.ActiveCfg = Release|Any CPU
		{3A5FBE85-DBA4-4485-BF5D-760BBB70B725}.Release|Any CPU.Build.0 = Release|Any CPU
		{C064503A-C5ED-4B6D-BD26-B0017BDBE882}.Debug|Any CPU.ActiveCfg = Debug|Any CPU
		{C064503A-C5ED-4B6D-BD26-B0017BDBE882}.Debug|Any CPU.Build.0 = Debug|Any CPU
		{C064503A-C5ED-4B6D-BD26-B0017BDBE882}.Release|Any CPU.ActiveCfg = Release|Any CPU
		{C064503A-C5ED-4B6D-BD26-B0017BDBE882}.Release|Any CPU.Build.0 = Release|Any CPU
		{7924255F-BECA-41A7-B23D-B335ABCF8C6F}.Debug|Any CPU.ActiveCfg = Debug|Any CPU
		{7924255F-BECA-41A7-B23D-B335ABCF8C6F}.Debug|Any CPU.Build.0 = Debug|Any CPU
		{7924255F-BECA-41A7-B23D-B335ABCF8C6F}.Release|Any CPU.ActiveCfg = Release|Any CPU
		{7924255F-BECA-41A7-B23D-B335ABCF8C6F}.Release|Any CPU.Build.0 = Release|Any CPU
		{6D5DB783-4711-48B4-8FD0-88E848C8002D}.Debug|Any CPU.ActiveCfg = Debug|Any CPU
		{6D5DB783-4711-48B4-8FD0-88E848C8002D}.Debug|Any CPU.Build.0 = Debug|Any CPU
		{6D5DB783-4711-48B4-8FD0-88E848C8002D}.Release|Any CPU.ActiveCfg = Release|Any CPU
		{6D5DB783-4711-48B4-8FD0-88E848C8002D}.Release|Any CPU.Build.0 = Release|Any CPU
		{23F77E5C-E6D3-4D65-B1FD-DD8998BBB0DC}.Debug|Any CPU.ActiveCfg = Debug|Any CPU
		{23F77E5C-E6D3-4D65-B1FD-DD8998BBB0DC}.Debug|Any CPU.Build.0 = Debug|Any CPU
		{23F77E5C-E6D3-4D65-B1FD-DD8998BBB0DC}.Release|Any CPU.ActiveCfg = Release|Any CPU
		{23F77E5C-E6D3-4D65-B1FD-DD8998BBB0DC}.Release|Any CPU.Build.0 = Release|Any CPU
	EndGlobalSection
	GlobalSection(SolutionProperties) = preSolution
		HideSolutionNode = FALSE
	EndGlobalSection
	GlobalSection(NestedProjects) = preSolution
	EndGlobalSection
	GlobalSection(ExtensibilityGlobals) = postSolution
		SolutionGuid = {CFEA7AA3-E480-4EDB-A44E-06CB427F6416}
	EndGlobalSection
EndGlobal
